{
  "name": "snake-arena-shared",
  "version": "1.0.0",
  "lockfileVersion": 3,
  "requires": true,
  "packages": {
    "": {
      "name": "snake-arena-shared",
      "version": "1.0.0",
      "dependencies": {
        "snake-arena-root": "file:.."
      }
    },
    "..": {
      "name": "snake-arena-root",
      "version": "1.0.0",
      "devDependencies": {
        "concurrently": "^8.2.2",
        "rimraf": "^5.0.5"
      },
      "engines": {
        "node": ">=20.0.0",
        "npm": ">=9.0.0"
      }
    },
    "node_modules/snake-arena-root": {
      "resolved": "..",
      "link": true
    }
  }
}
